# Written by scripts/update-rule-sets.sh. Do not edit by hand.
sing-geosite 5a5a9abc760d2653948c9549c4cb56cc3279e1aa
sing-geoip b9c5e675b4d5359d4b47f4434fa7ae77e9991306
regional-sing-geosite 2188cad8cff230c36953175811304957e6d04326
regional-sing-geoip 7fe82a879ad2666526730c195b55a6d8d9147908
refilter 01082026
c36e157adf86edf7b722b51f3acb93bbb2a7f8083932dae29b4b5ef2c1ced870  geosite-category-ru.srs
ba979268102429754bdbbf306890f91ac4ee0cf1d2f30eb1fff5eba65e0f9e66  geosite-tld-ru.srs
1a8115af741918ff24b37b87d3c6da21eccabc58f1eec059e461dca8bac16ff7  geoip-ru.srs
5e4ef5289e0b4f73018854730b2ab049860ec1e87e1a601fdbe976bcb6c669b6  geosite-category-ir.srs
a32d727f1a71b2f9c67627ea4ae489d8d6cfb010f8ec2d6800538493fe5a77ae  geosite-cn.srs
246d4792b8d1959854d485420e4f85ea906f85562860c08a34bfd20b1a33c630  geosite-tld-cn.srs
c88af3372f71234f6d015d0452ba472f26b0d9d62e82ae5167d066c1df24b8f5  geoip-ir.srs
ebee603fdf402314b44b9f653cdcf6d9cc9c41e84e2b3515e3123c5c920a93bc  geoip-cn.srs
2756235a05407dced55bd362f80daeafd19a87ed9720f98cbf69343023a5b534  refilter-domains.srs
381fcfaaf4d2b95b0b3c5ece1cb3525eb2f34f41013930ad25409a29deca3daa  refilter-ips.srs
