# Written by tools/xray-geodata.sh. Do not edit by hand.
domain-list-community 20260908094002 dlc.dat 35ed26a24cafa1256bd7261414224b7bcef5c944cea7760e172b030a8b266450
geoip 202609050329 geoip.dat 1cba1f0982cf62502fa079c66047c3d0c608196da5b3305671e68f60e917a482
44bef1835244a7862c932d5b8eb6b1a0ed3a155d9b3e4a8bc3cd0e6a385319f9  geosite-category-ru.txt
725c5c554ef946f8e050751231af9486f22d15b839bf4cd90048bfef5a5a3f79  geosite-tld-ru.txt
124350e02f701693ca81709e2e9fccac1bf7681122b2a0ac373517f40ffe55ea  geoip-ru.txt
